# This file is automatically @generated by Cargo.
# It is not intended for manual editing.
version = 3

[[package]]
name = "iz80"
version = "0.3.5"
source = "registry+https://github.com/rust-lang/crates.io-index"
checksum = "b695b397c1f433f90b2a11af1215964859e2f34cc9979942e05392d940ea3877"

[[package]]
name = "z80mgc-emu"
version = "0.1.0"
dependencies = [
 "iz80",
]
